
Microsoft Visual Studio Solution File, Format Version 12.00
# Visual Studio Version 17
VisualStudioVersion = 17.5.33627.172
MinimumVisualStudioVersion = 10.0.40219.1
Project("{FAE04EC0-301F-11D3-BF4B-00C04F79EFBC}") = "Examen_backend_2023_Franco_Buonfrate", "Examen_backend_2023_Franco_Buonfrate.csproj", "{D16080D3-87D9-47FB-B496-C8AAB2856832}"
EndProject
Global
	GlobalSection(SolutionConfigurationPlatforms) = preSolution
		Debug|Any CPU = Debug|Any CPU
		Release|Any CPU = Release|Any CPU
	EndGlobalSection
	GlobalSection(ProjectConfigurationPlatforms) = postSolution
		{D16080D3-87D9-47FB-B496-C8AAB2856832}.Debug|Any CPU.ActiveCfg = Debug|Any CPU
		{D16080D3-87D9-47FB-B496-C8AAB2856832}.Debug|Any CPU.Build.0 = Debug|Any CPU
		{D16080D3-87D9-47FB-B496-C8AAB2856832}.Release|Any CPU.ActiveCfg = Release|Any CPU
		{D16080D3-87D9-47FB-B496-C8AAB2856832}.Release|Any CPU.Build.0 = Release|Any CPU
	EndGlobalSection
	GlobalSection(SolutionProperties) = preSolution
		HideSolutionNode = FALSE
	EndGlobalSection
	GlobalSection(ExtensibilityGlobals) = postSolution
		SolutionGuid = {07A46709-8654-4210-9742-5E4CB1984189}
	EndGlobalSection
EndGlobal
